// !$*UTF8*$!
{
	archiveVersion = 1;
	classes = {
	};
	objectVersion = 46;
	objects = {

/* Begin PBXBuildFile section */
		EE10A7BC1C15933D004C6CF9 /* MKAnnotationView+WebCache.m in Sources */ = {isa = PBXBuildFile; fileRef = EE10A79C1C15933D004C6CF9 /* MKAnnotationView+WebCache.m */; };
		EE10A7BD1C15933D004C6CF9 /* NSData+ImageContentType.m in Sources */ = {isa = PBXBuildFile; fileRef = EE10A79E1C15933D004C6CF9 /* NSData+ImageContentType.m */; };
		EE10A7BE1C15933D004C6CF9 /* SDImageCache.m in Sources */ = {isa = PBXBuildFile; fileRef = EE10A7A01C15933D004C6CF9 /* SDImageCache.m */; };
		EE10A7BF1C15933D004C6CF9 /* SDWebImageCompat.m in Sources */ = {isa = PBXBuildFile; fileRef = EE10A7A21C15933D004C6CF9 /* SDWebImageCompat.m */; };
		EE10A7C01C15933D004C6CF9 /* SDWebImageDecoder.m in Sources */ = {isa = PBXBuildFile; fileRef = EE10A7A41C15933D004C6CF9 /* SDWebImageDecoder.m */; };
		EE10A7C11C15933D004C6CF9 /* SDWebImageDownloader.m in Sources */ = {isa = PBXBuildFile; fileRef = EE10A7A61C15933D004C6CF9 /* SDWebImageDownloader.m */; };
		EE10A7C21C15933D004C6CF9 /* SDWebImageDownloaderOperation.m in Sources */ = {isa = PBXBuildFile; fileRef = EE10A7A81C15933D004C6CF9 /* SDWebImageDownloaderOperation.m */; };
		EE10A7C31C15933D004C6CF9 /* SDWebImageManager.m in Sources */ = {isa = PBXBuildFile; fileRef = EE10A7AA1C15933D004C6CF9 /* SDWebImageManager.m */; };
		EE10A7C41C15933D004C6CF9 /* SDWebImagePrefetcher.m in Sources */ = {isa = PBXBuildFile; fileRef = EE10A7AD1C15933D004C6CF9 /* SDWebImagePrefetcher.m */; };
		EE10A7C51C15933D004C6CF9 /* UIButton+WebCache.m in Sources */ = {isa = PBXBuildFile; fileRef = EE10A7AF1C15933D004C6CF9 /* UIButton+WebCache.m */; };
		EE10A7C61C15933D004C6CF9 /* UIImage+GIF.m in Sources */ = {isa = PBXBuildFile; fileRef = EE10A7B11C15933D004C6CF9 /* UIImage+GIF.m */; };
		EE10A7C71C15933D004C6CF9 /* UIImage+MultiFormat.m in Sources */ = {isa = PBXBuildFile; fileRef = EE10A7B31C15933D004C6CF9 /* UIImage+MultiFormat.m */; };
		EE10A7C81C15933D004C6CF9 /* UIImage+WebP.m in Sources */ = {isa = PBXBuildFile; fileRef = EE10A7B51C15933D004C6CF9 /* UIImage+WebP.m */; };
		EE10A7C91C15933D004C6CF9 /* UIImageView+HighlightedWebCache.m in Sources */ = {isa = PBXBuildFile; fileRef = EE10A7B71C15933D004C6CF9 /* UIImageView+HighlightedWebCache.m */; };
		EE10A7CA1C15933D004C6CF9 /* UIImageView+WebCache.m in Sources */ = {isa = PBXBuildFile; fileRef = EE10A7B91C15933D004C6CF9 /* UIImageView+WebCache.m */; };
		EE10A7CB1C15933D004C6CF9 /* UIView+WebCacheOperation.m in Sources */ = {isa = PBXBuildFile; fileRef = EE10A7BB1C15933D004C6CF9 /* UIView+WebCacheOperation.m */; };
		EE44AC141C1587E1004D46F7 /* main.m in Sources */ = {isa = PBXBuildFile; fileRef = EE44AC131C1587E1004D46F7 /* main.m */; };
		EE44AC171C1587E1004D46F7 /* AppDelegate.m in Sources */ = {isa = PBXBuildFile; fileRef = EE44AC161C1587E1004D46F7 /* AppDelegate.m */; };
		EE44AC1A1C1587E1004D46F7 /* ViewController.m in Sources */ = {isa = PBXBuildFile; fileRef = EE44AC191C1587E1004D46F7 /* ViewController.m */; };
		EE44AC1D1C1587E1004D46F7 /* Main.storyboard in Resources */ = {isa = PBXBuildFile; fileRef = EE44AC1B1C1587E1004D46F7 /* Main.storyboard */; };
		EE44AC1F1C1587E2004D46F7 /* Assets.xcassets in Resources */ = {isa = PBXBuildFile; fileRef = EE44AC1E1C1587E2004D46F7 /* Assets.xcassets */; };
		EE44AC221C1587E2004D46F7 /* LaunchScreen.storyboard in Resources */ = {isa = PBXBuildFile; fileRef = EE44AC201C1587E2004D46F7 /* LaunchScreen.storyboard */; };
		EE44AC2D1C1587E2004D46F7 /* ADBannerScrollViewTests.m in Sources */ = {isa = PBXBuildFile; fileRef = EE44AC2C1C1587E2004D46F7 /* ADBannerScrollViewTests.m */; };
		EE44AC381C1587E2004D46F7 /* ADBannerScrollViewUITests.m in Sources */ = {isa = PBXBuildFile; fileRef = EE44AC371C1587E2004D46F7 /* ADBannerScrollViewUITests.m */; };
		EE44AC471C158810004D46F7 /* ADScrollView.m in Sources */ = {isa = PBXBuildFile; fileRef = EE44AC461C158810004D46F7 /* ADScrollView.m */; };
/* End PBXBuildFile section */

/* Begin PBXContainerItemProxy section */
		EE44AC291C1587E2004D46F7 /* PBXContainerItemProxy */ = {
			isa = PBXContainerItemProxy;
			containerPortal = EE44AC071C1587E1004D46F7 /* Project object */;
			proxyType = 1;
			remoteGlobalIDString = EE44AC0E1C1587E1004D46F7;
			remoteInfo = ADBannerScrollView;
		};
		EE44AC341C1587E2004D46F7 /* PBXContainerItemProxy */ = {
			isa = PBXContainerItemProxy;
			containerPortal = EE44AC071C1587E1004D46F7 /* Project object */;
			proxyType = 1;
			remoteGlobalIDString = EE44AC0E1C1587E1004D46F7;
			remoteInfo = ADBannerScrollView;
		};
/* End PBXContainerItemProxy section */

/* Begin PBXFileReference section */
		EE10A79B1C15933D004C6CF9 /* MKAnnotationView+WebCache.h */ = {isa = PBXFileReference; fileEncoding = 4; lastKnownFileType = sourcecode.c.h; path = "MKAnnotationView+WebCache.h"; sourceTree = "<group>"; };
		EE10A79C1C15933D004C6CF9 /* MKAnnotationView+WebCache.m */ = {isa = PBXFileReference; fileEncoding = 4; lastKnownFileType = sourcecode.c.objc; path = "MKAnnotationView+WebCache.m"; sourceTree = "<group>"; };
		EE10A79D1C15933D004C6CF9 /* NSData+ImageContentType.h */ = {isa = PBXFileReference; fileEncoding = 4; lastKnownFileType = sourcecode.c.h; path = "NSData+ImageContentType.h"; sourceTree = "<group>"; };
		EE10A79E1C15933D004C6CF9 /* NSData+ImageContentType.m */ = {isa = PBXFileReference; fileEncoding = 4; lastKnownFileType = sourcecode.c.objc; path = "NSData+ImageContentType.m"; sourceTree = "<group>"; };
		EE10A79F1C15933D004C6CF9 /* SDImageCache.h */ = {isa = PBXFileReference; fileEncoding = 4; lastKnownFileType = sourcecode.c.h; path = SDImageCache.h; sourceTree = "<group>"; };
		EE10A7A01C15933D004C6CF9 /* SDImageCache.m */ = {isa = PBXFileReference; fileEncoding = 4; lastKnownFileType = sourcecode.c.objc; path = SDImageCache.m; sourceTree = "<group>"; };
		EE10A7A11C15933D004C6CF9 /* SDWebImageCompat.h */ = {isa = PBXFileReference; fileEncoding = 4; lastKnownFileType = sourcecode.c.h; path = SDWebImageCompat.h; sourceTree = "<group>"; };
		EE10A7A21C15933D004C6CF9 /* SDWebImageCompat.m */ = {isa = PBXFileReference; fileEncoding = 4; lastKnownFileType = sourcecode.c.objc; path = SDWebImageCompat.m; sourceTree = "<group>"; };
		EE10A7A31C15933D004C6CF9 /* SDWebImageDecoder.h */ = {isa = PBXFileReference; fileEncoding = 4; lastKnownFileType = sourcecode.c.h; path = SDWebImageDecoder.h; sourceTree = "<group>"; };
		EE10A7A41C15933D004C6CF9 /* SDWebImageDecoder.m */ = {isa = PBXFileReference; fileEncoding = 4; lastKnownFileType = sourcecode.c.objc; path = SDWebImageDecoder.m; sourceTree = "<group>"; };
		EE10A7A51C15933D004C6CF9 /* SDWebImageDownloader.h */ = {isa = PBXFileReference; fileEncoding = 4; lastKnownFileType = sourcecode.c.h; path = SDWebImageDownloader.h; sourceTree = "<group>"; };
		EE10A7A61C15933D004C6CF9 /* SDWebImageDownloader.m */ = {isa = PBXFileReference; fileEncoding = 4; lastKnownFileType = sourcecode.c.objc; path = SDWebImageDownloader.m; sourceTree = "<group>"; };
		EE10A7A71C15933D004C6CF9 /* SDWebImageDownloaderOperation.h */ = {isa = PBXFileReference; fileEncoding = 4; lastKnownFileType = sourcecode.c.h; path = SDWebImageDownloaderOperation.h; sourceTree = "<group>"; };
		EE10A7A81C15933D004C6CF9 /* SDWebImageDownloaderOperation.m */ = {isa = PBXFileReference; fileEncoding = 4; lastKnownFileType = sourcecode.c.objc; path = SDWebImageDownloaderOperation.m; sourceTree = "<group>"; };
		EE10A7A91C15933D004C6CF9 /* SDWebImageManager.h */ = {isa = PBXFileReference; fileEncoding = 4; lastKnownFileType = sourcecode.c.h; path = SDWebImageManager.h; sourceTree = "<group>"; };
		EE10A7AA1C15933D004C6CF9 /* SDWebImageManager.m */ = {isa = PBXFileReference; fileEncoding = 4; lastKnownFileType = sourcecode.c.objc; path = SDWebImageManager.m; sourceTree = "<group>"; };
		EE10A7AB1C15933D004C6CF9 /* SDWebImageOperation.h */ = {isa = PBXFileReference; fileEncoding = 4; lastKnownFileType = sourcecode.c.h; path = SDWebImageOperation.h; sourceTree = "<group>"; };
		EE10A7AC1C15933D004C6CF9 /* SDWebImagePrefetcher.h */ = {isa = PBXFileReference; fileEncoding = 4; lastKnownFileType = sourcecode.c.h; path = SDWebImagePrefetcher.h; sourceTree = "<group>"; };
		EE10A7AD1C15933D004C6CF9 /* SDWebImagePrefetcher.m */ = {isa = PBXFileReference; fileEncoding = 4; lastKnownFileType = sourcecode.c.objc; path = SDWebImagePrefetcher.m; sourceTree = "<group>"; };
		EE10A7AE1C15933D004C6CF9 /* UIButton+WebCache.h */ = {isa = PBXFileReference; fileEncoding = 4; lastKnownFileType = sourcecode.c.h; path = "UIButton+WebCache.h"; sourceTree = "<group>"; };
		EE10A7AF1C15933D004C6CF9 /* UIButton+WebCache.m */ = {isa = PBXFileReference; fileEncoding = 4; lastKnownFileType = sourcecode.c.objc; path = "UIButton+WebCache.m"; sourceTree = "<group>"; };
		EE10A7B01C15933D004C6CF9 /* UIImage+GIF.h */ = {isa = PBXFileReference; fileEncoding = 4; lastKnownFileType = sourcecode.c.h; path = "UIImage+GIF.h"; sourceTree = "<group>"; };
		EE10A7B11C15933D004C6CF9 /* UIImage+GIF.m */ = {isa = PBXFileReference; fileEncoding = 4; lastKnownFileType = sourcecode.c.objc; path = "UIImage+GIF.m"; sourceTree = "<group>"; };
		EE10A7B21C15933D004C6CF9 /* UIImage+MultiFormat.h */ = {isa = PBXFileReference; fileEncoding = 4; lastKnownFileType = sourcecode.c.h; path = "UIImage+MultiFormat.h"; sourceTree = "<group>"; };
		EE10A7B31C15933D004C6CF9 /* UIImage+MultiFormat.m */ = {isa = PBXFileReference; fileEncoding = 4; lastKnownFileType = sourcecode.c.objc; path = "UIImage+MultiFormat.m"; sourceTree = "<group>"; };
		EE10A7B41C15933D004C6CF9 /* UIImage+WebP.h */ = {isa = PBXFileReference; fileEncoding = 4; lastKnownFileType = sourcecode.c.h; path = "UIImage+WebP.h"; sourceTree = "<group>"; };
		EE10A7B51C15933D004C6CF9 /* UIImage+WebP.m */ = {isa = PBXFileReference; fileEncoding = 4; lastKnownFileType = sourcecode.c.objc; path = "UIImage+WebP.m"; sourceTree = "<group>"; };
		EE10A7B61C15933D004C6CF9 /* UIImageView+HighlightedWebCache.h */ = {isa = PBXFileReference; fileEncoding = 4; lastKnownFileType = sourcecode.c.h; path = "UIImageView+HighlightedWebCache.h"; sourceTree = "<group>"; };
		EE10A7B71C15933D004C6CF9 /* UIImageView+HighlightedWebCache.m */ = {isa = PBXFileReference; fileEncoding = 4; lastKnownFileType = sourcecode.c.objc; path = "UIImageView+HighlightedWebCache.m"; sourceTree = "<group>"; };
		EE10A7B81C15933D004C6CF9 /* UIImageView+WebCache.h */ = {isa = PBXFileReference; fileEncoding = 4; lastKnownFileType = sourcecode.c.h; path = "UIImageView+WebCache.h"; sourceTree = "<group>"; };
		EE10A7B91C15933D004C6CF9 /* UIImageView+WebCache.m */ = {isa = PBXFileReference; fileEncoding = 4; lastKnownFileType = sourcecode.c.objc; path = "UIImageView+WebCache.m"; sourceTree = "<group>"; };
		EE10A7BA1C15933D004C6CF9 /* UIView+WebCacheOperation.h */ = {isa = PBXFileReference; fileEncoding = 4; lastKnownFileType = sourcecode.c.h; path = "UIView+WebCacheOperation.h"; sourceTree = "<group>"; };
		EE10A7BB1C15933D004C6CF9 /* UIView+WebCacheOperation.m */ = {isa = PBXFileReference; fileEncoding = 4; lastKnownFileType = sourcecode.c.objc; path = "UIView+WebCacheOperation.m"; sourceTree = "<group>"; };
		EE44AC0F1C1587E1004D46F7 /* ADBannerScrollView.app */ = {isa = PBXFileReference; explicitFileType = wrapper.application; includeInIndex = 0; path = ADBannerScrollView.app; sourceTree = BUILT_PRODUCTS_DIR; };
		EE44AC131C1587E1004D46F7 /* main.m */ = {isa = PBXFileReference; lastKnownFileType = sourcecode.c.objc; path = main.m; sourceTree = "<group>"; };
		EE44AC151C1587E1004D46F7 /* AppDelegate.h */ = {isa = PBXFileReference; lastKnownFileType = sourcecode.c.h; path = AppDelegate.h; sourceTree = "<group>"; };
		EE44AC161C1587E1004D46F7 /* AppDelegate.m */ = {isa = PBXFileReference; lastKnownFileType = sourcecode.c.objc; path = AppDelegate.m; sourceTree = "<group>"; };
		EE44AC181C1587E1004D46F7 /* ViewController.h */ = {isa = PBXFileReference; lastKnownFileType = sourcecode.c.h; path = ViewController.h; sourceTree = "<group>"; };
		EE44AC191C1587E1004D46F7 /* ViewController.m */ = {isa = PBXFileReference; lastKnownFileType = sourcecode.c.objc; path = ViewController.m; sourceTree = "<group>"; };
		EE44AC1C1C1587E1004D46F7 /* Base */ = {isa = PBXFileReference; lastKnownFileType = file.storyboard; name = Base; path = Base.lproj/Main.storyboard; sourceTree = "<group>"; };
		EE44AC1E1C1587E2004D46F7 /* Assets.xcassets */ = {isa = PBXFileReference; lastKnownFileType = folder.assetcatalog; path = Assets.xcassets; sourceTree = "<group>"; };
		EE44AC211C1587E2004D46F7 /* Base */ = {isa = PBXFileReference; lastKnownFileType = file.storyboard; name = Base; path = Base.lproj/LaunchScreen.storyboard; sourceTree = "<group>"; };
		EE44AC231C1587E2004D46F7 /* Info.plist */ = {isa = PBXFileReference; lastKnownFileType = text.plist.xml; path = Info.plist; sourceTree = "<group>"; };
		EE44AC281C1587E2004D46F7 /* ADBannerScrollViewTests.xctest */ = {isa = PBXFileReference; explicitFileType = wrapper.cfbundle; includeInIndex = 0; path = ADBannerScrollViewTests.xctest; sourceTree = BUILT_PRODUCTS_DIR; };
		EE44AC2C1C1587E2004D46F7 /* ADBannerScrollViewTests.m */ = {isa = PBXFileReference; lastKnownFileType = sourcecode.c.objc; path = ADBannerScrollViewTests.m; sourceTree = "<group>"; };
		EE44AC2E1C1587E2004D46F7 /* Info.plist */ = {isa = PBXFileReference; lastKnownFileType = text.plist.xml; path = Info.plist; sourceTree = "<group>"; };
		EE44AC331C1587E2004D46F7 /* ADBannerScrollViewUITests.xctest */ = {isa = PBXFileReference; explicitFileType = wrapper.cfbundle; includeInIndex = 0; path = ADBannerScrollViewUITests.xctest; sourceTree = BUILT_PRODUCTS_DIR; };
		EE44AC371C1587E2004D46F7 /* ADBannerScrollViewUITests.m */ = {isa = PBXFileReference; lastKnownFileType = sourcecode.c.objc; path = ADBannerScrollViewUITests.m; sourceTree = "<group>"; };
		EE44AC391C1587E2004D46F7 /* Info.plist */ = {isa = PBXFileReference; lastKnownFileType = text.plist.xml; path = Info.plist; sourceTree = "<group>"; };
		EE44AC451C158810004D46F7 /* ADScrollView.h */ = {isa = PBXFileReference; fileEncoding = 4; lastKnownFileType = sourcecode.c.h; path = ADScrollView.h; sourceTree = "<group>"; };
		EE44AC461C158810004D46F7 /* ADScrollView.m */ = {isa = PBXFileReference; fileEncoding = 4; lastKnownFileType = sourcecode.c.objc; path = ADScrollView.m; sourceTree = "<group>"; };
/* End PBXFileReference section */

/* Begin PBXFrameworksBuildPhase section */
		EE44AC0C1C1587E1004D46F7 /* Frameworks */ = {
			isa = PBXFrameworksBuildPhase;
			buildActionMask = 2147483647;
			files = (
			);
			runOnlyForDeploymentPostprocessing = 0;
		};
		EE44AC251C1587E2004D46F7 /* Frameworks */ = {
			isa = PBXFrameworksBuildPhase;
			buildActionMask = 2147483647;
			files = (
			);
			runOnlyForDeploymentPostprocessing = 0;
		};
		EE44AC301C1587E2004D46F7 /* Frameworks */ = {
			isa = PBXFrameworksBuildPhase;
			buildActionMask = 2147483647;
			files = (
			);
			runOnlyForDeploymentPostprocessing = 0;
		};
/* End PBXFrameworksBuildPhase section */

/* Begin PBXGroup section */
		EE10A79A1C15933D004C6CF9 /* SDWebImage */ = {
			isa = PBXGroup;
			children = (
				EE10A79B1C15933D004C6CF9 /* MKAnnotationView+WebCache.h */,
				EE10A79C1C15933D004C6CF9 /* MKAnnotationView+WebCache.m */,
				EE10A79D1C15933D004C6CF9 /* NSData+ImageContentType.h */,
				EE10A79E1C15933D004C6CF9 /* NSData+ImageContentType.m */,
				EE10A79F1C15933D004C6CF9 /* SDImageCache.h */,
				EE10A7A01C15933D004C6CF9 /* SDImageCache.m */,
				EE10A7A11C15933D004C6CF9 /* SDWebImageCompat.h */,
				EE10A7A21C15933D004C6CF9 /* SDWebImageCompat.m */,
				EE10A7A31C15933D004C6CF9 /* SDWebImageDecoder.h */,
				EE10A7A41C15933D004C6CF9 /* SDWebImageDecoder.m */,
				EE10A7A51C15933D004C6CF9 /* SDWebImageDownloader.h */,
				EE10A7A61C15933D004C6CF9 /* SDWebImageDownloader.m */,
				EE10A7A71C15933D004C6CF9 /* SDWebImageDownloaderOperation.h */,
				EE10A7A81C15933D004C6CF9 /* SDWebImageDownloaderOperation.m */,
				EE10A7A91C15933D004C6CF9 /* SDWebImageManager.h */,
				EE10A7AA1C15933D004C6CF9 /* SDWebImageManager.m */,
				EE10A7AB1C15933D004C6CF9 /* SDWebImageOperation.h */,
				EE10A7AC1C15933D004C6CF9 /* SDWebImagePrefetcher.h */,
				EE10A7AD1C15933D004C6CF9 /* SDWebImagePrefetcher.m */,
				EE10A7AE1C15933D004C6CF9 /* UIButton+WebCache.h */,
				EE10A7AF1C15933D004C6CF9 /* UIButton+WebCache.m */,
				EE10A7B01C15933D004C6CF9 /* UIImage+GIF.h */,
				EE10A7B11C15933D004C6CF9 /* UIImage+GIF.m */,
				EE10A7B21C15933D004C6CF9 /* UIImage+MultiFormat.h */,
				EE10A7B31C15933D004C6CF9 /* UIImage+MultiFormat.m */,
				EE10A7B41C15933D004C6CF9 /* UIImage+WebP.h */,
				EE10A7B51C15933D004C6CF9 /* UIImage+WebP.m */,
				EE10A7B61C15933D004C6CF9 /* UIImageView+HighlightedWebCache.h */,
				EE10A7B71C15933D004C6CF9 /* UIImageView+HighlightedWebCache.m */,
				EE10A7B81C15933D004C6CF9 /* UIImageView+WebCache.h */,
				EE10A7B91C15933D004C6CF9 /* UIImageView+WebCache.m */,
				EE10A7BA1C15933D004C6CF9 /* UIView+WebCacheOperation.h */,
				EE10A7BB1C15933D004C6CF9 /* UIView+WebCacheOperation.m */,
			);
			path = SDWebImage;
			sourceTree = "<group>";
		};
		EE44AC061C1587E1004D46F7 = {
			isa = PBXGroup;
			children = (
				EE10A79A1C15933D004C6CF9 /* SDWebImage */,
				EE44AC111C1587E1004D46F7 /* ADBannerScrollView */,
				EE44AC2B1C1587E2004D46F7 /* ADBannerScrollViewTests */,
				EE44AC361C1587E2004D46F7 /* ADBannerScrollViewUITests */,
				EE44AC101C1587E1004D46F7 /* Products */,
			);
			sourceTree = "<group>";
		};
		EE44AC101C1587E1004D46F7 /* Products */ = {
			isa = PBXGroup;
			children = (
				EE44AC0F1C1587E1004D46F7 /* ADBannerScrollView.app */,
				EE44AC281C1587E2004D46F7 /* ADBannerScrollViewTests.xctest */,
				EE44AC331C1587E2004D46F7 /* ADBannerScrollViewUITests.xctest */,
			);
			name = Products;
			sourceTree = "<group>";
		};
		EE44AC111C1587E1004D46F7 /* ADBannerScrollView */ = {
			isa = PBXGroup;
			children = (
				EE44AC451C158810004D46F7 /* ADScrollView.h */,
				EE44AC461C158810004D46F7 /* ADScrollView.m */,
				EE44AC151C1587E1004D46F7 /* AppDelegate.h */,
				EE44AC161C1587E1004D46F7 /* AppDelegate.m */,
				EE44AC181C1587E1004D46F7 /* ViewController.h */,
				EE44AC191C1587E1004D46F7 /* ViewController.m */,
				EE44AC1B1C1587E1004D46F7 /* Main.storyboard */,
				EE44AC1E1C1587E2004D46F7 /* Assets.xcassets */,
				EE44AC201C1587E2004D46F7 /* LaunchScreen.storyboard */,
				EE44AC231C1587E2004D46F7 /* Info.plist */,
				EE44AC121C1587E1004D46F7 /* Supporting Files */,
			);
			path = ADBannerScrollView;
			sourceTree = "<group>";
		};
		EE44AC121C1587E1004D46F7 /* Supporting Files */ = {
			isa = PBXGroup;
			children = (
				EE44AC131C1587E1004D46F7 /* main.m */,
			);
			name = "Supporting Files";
			sourceTree = "<group>";
		};
		EE44AC2B1C1587E2004D46F7 /* ADBannerScrollViewTests */ = {
			isa = PBXGroup;
			children = (
				EE44AC2C1C1587E2004D46F7 /* ADBannerScrollViewTests.m */,
				EE44AC2E1C1587E2004D46F7 /* Info.plist */,
			);
			path = ADBannerScrollViewTests;
			sourceTree = "<group>";
		};
		EE44AC361C1587E2004D46F7 /* ADBannerScrollViewUITests */ = {
			isa = PBXGroup;
			children = (
				EE44AC371C1587E2004D46F7 /* ADBannerScrollViewUITests.m */,
				EE44AC391C1587E2004D46F7 /* Info.plist */,
			);
			path = ADBannerScrollViewUITests;
			sourceTree = "<group>";
		};
/* End PBXGroup section */

/* Begin PBXNativeTarget section */
		EE44AC0E1C1587E1004D46F7 /* ADBannerScrollView */ = {
			isa = PBXNativeTarget;
			buildConfigurationList = EE44AC3C1C1587E2004D46F7 /* Build configuration list for PBXNativeTarget "ADBannerScrollView" */;
			buildPhases = (
				EE44AC0B1C1587E1004D46F7 /* Sources */,
				EE44AC0C1C1587E1004D46F7 /* Frameworks */,
				EE44AC0D1C1587E1004D46F7 /* Resources */,
			);
			buildRules = (
			);
			dependencies = (
			);
			name = ADBannerScrollView;
			productName = ADBannerScrollView;
			productReference = EE44AC0F1C1587E1004D46F7 /* ADBannerScrollView.app */;
			productType = "com.apple.product-type.application";
		};
		EE44AC271C1587E2004D46F7 /* ADBannerScrollViewTests */ = {
			isa = PBXNativeTarget;
			buildConfigurationList = EE44AC3F1C1587E2004D46F7 /* Build configuration list for PBXNativeTarget "ADBannerScrollViewTests" */;
			buildPhases = (
				EE44AC241C1587E2004D46F7 /* Sources */,
				EE44AC251C1587E2004D46F7 /* Frameworks */,
				EE44AC261C1587E2004D46F7 /* Resources */,
			);
			buildRules = (
			);
			dependencies = (
				EE44AC2A1C1587E2004D46F7 /* PBXTargetDependency */,
			);
			name = ADBannerScrollViewTests;
			productName = ADBannerScrollViewTests;
			productReference = EE44AC281C1587E2004D46F7 /* ADBannerScrollViewTests.xctest */;
			productType = "com.apple.product-type.bundle.unit-test";
		};
		EE44AC321C1587E2004D46F7 /* ADBannerScrollViewUITests */ = {
			isa = PBXNativeTarget;
			buildConfigurationList = EE44AC421C1587E2004D46F7 /* Build configuration list for PBXNativeTarget "ADBannerScrollViewUITests" */;
			buildPhases = (
				EE44AC2F1C1587E2004D46F7 /* Sources */,
				EE44AC301C1587E2004D46F7 /* Frameworks */,
				EE44AC311C1587E2004D46F7 /* Resources */,
			);
			buildRules = (
			);
			dependencies = (
				EE44AC351C1587E2004D46F7 /* PBXTargetDependency */,
			);
			name = ADBannerScrollViewUITests;
			productName = ADBannerScrollViewUITests;
			productReference = EE44AC331C1587E2004D46F7 /* ADBannerScrollViewUITests.xctest */;
			productType = "com.apple.product-type.bundle.ui-testing";
		};
/* End PBXNativeTarget section */

/* Begin PBXProject section */
		EE44AC071C1587E1004D46F7 /* Project object */ = {
			isa = PBXProject;
			attributes = {
				LastUpgradeCheck = 0710;
				ORGANIZATIONNAME = "lixingqiao01@163.com";
				TargetAttributes = {
					EE44AC0E1C1587E1004D46F7 = {
						CreatedOnToolsVersion = 7.1.1;
					};
					EE44AC271C1587E2004D46F7 = {
						CreatedOnToolsVersion = 7.1.1;
						TestTargetID = EE44AC0E1C1587E1004D46F7;
					};
					EE44AC321C1587E2004D46F7 = {
						CreatedOnToolsVersion = 7.1.1;
						TestTargetID = EE44AC0E1C1587E1004D46F7;
					};
				};
			};
			buildConfigurationList = EE44AC0A1C1587E1004D46F7 /* Build configuration list for PBXProject "ADBannerScrollView" */;
			compatibilityVersion = "Xcode 3.2";
			developmentRegion = English;
			hasScannedForEncodings = 0;
			knownRegions = (
				en,
				Base,
			);
			mainGroup = EE44AC061C1587E1004D46F7;
			productRefGroup = EE44AC101C1587E1004D46F7 /* Products */;
			projectDirPath = "";
			projectRoot = "";
			targets = (
				EE44AC0E1C1587E1004D46F7 /* ADBannerScrollView */,
				EE44AC271C1587E2004D46F7 /* ADBannerScrollViewTests */,
				EE44AC321C1587E2004D46F7 /* ADBannerScrollViewUITests */,
			);
		};
/* End PBXProject section */

/* Begin PBXResourcesBuildPhase section */
		EE44AC0D1C1587E1004D46F7 /* Resources */ = {
			isa = PBXResourcesBuildPhase;
			buildActionMask = 2147483647;
			files = (
				EE44AC221C1587E2004D46F7 /* LaunchScreen.storyboard in Resources */,
				EE44AC1F1C1587E2004D46F7 /* Assets.xcassets in Resources */,
				EE44AC1D1C1587E1004D46F7 /* Main.storyboard in Resources */,
			);
			runOnlyForDeploymentPostprocessing = 0;
		};
		EE44AC261C1587E2004D46F7 /* Resources */ = {
			isa = PBXResourcesBuildPhase;
			buildActionMask = 2147483647;
			files = (
			);
			runOnlyForDeploymentPostprocessing = 0;
		};
		EE44AC311C1587E2004D46F7 /* Resources */ = {
			isa = PBXResourcesBuildPhase;
			buildActionMask = 2147483647;
			files = (
			);
			runOnlyForDeploymentPostprocessing = 0;
		};
/* End PBXResourcesBuildPhase section */

/* Begin PBXSourcesBuildPhase section */
		EE44AC0B1C1587E1004D46F7 /* Sources */ = {
			isa = PBXSourcesBuildPhase;
			buildActionMask = 2147483647;
			files = (
				EE10A7C91C15933D004C6CF9 /* UIImageView+HighlightedWebCache.m in Sources */,
				EE10A7C71C15933D004C6CF9 /* UIImage+MultiFormat.m in Sources */,
				EE10A7C21C15933D004C6CF9 /* SDWebImageDownloaderOperation.m in Sources */,
				EE44AC471C158810004D46F7 /* ADScrollView.m in Sources */,
				EE10A7BF1C15933D004C6CF9 /* SDWebImageCompat.m in Sources */,
				EE10A7C61C15933D004C6CF9 /* UIImage+GIF.m in Sources */,
				EE10A7C41C15933D004C6CF9 /* SDWebImagePrefetcher.m in Sources */,
				EE44AC1A1C1587E1004D46F7 /* ViewController.m in Sources */,
				EE44AC171C1587E1004D46F7 /* AppDelegate.m in Sources */,
				EE10A7C81C15933D004C6CF9 /* UIImage+WebP.m in Sources */,
				EE10A7CA1C15933D004C6CF9 /* UIImageView+WebCache.m in Sources */,
				EE10A7C11C15933D004C6CF9 /* SDWebImageDownloader.m in Sources */,
				EE10A7CB1C15933D004C6CF9 /* UIView+WebCacheOperation.m in Sources */,
				EE10A7C51C15933D004C6CF9 /* UIButton+WebCache.m in Sources */,
				EE10A7BC1C15933D004C6CF9 /* MKAnnotationView+WebCache.m in Sources */,
				EE10A7BD1C15933D004C6CF9 /* NSData+ImageContentType.m in Sources */,
				EE44AC141C1587E1004D46F7 /* main.m in Sources */,
				EE10A7C31C15933D004C6CF9 /* SDWebImageManager.m in Sources */,
				EE10A7C01C15933D004C6CF9 /* SDWebImageDecoder.m in Sources */,
				EE10A7BE1C15933D004C6CF9 /* SDImageCache.m in Sources */,
			);
			runOnlyForDeploymentPostprocessing = 0;
		};
		EE44AC241C1587E2004D46F7 /* Sources */ = {
			isa = PBXSourcesBuildPhase;
			buildActionMask = 2147483647;
			files = (
				EE44AC2D1C1587E2004D46F7 /* ADBannerScrollViewTests.m in Sources */,
			);
			runOnlyForDeploymentPostprocessing = 0;
		};
		EE44AC2F1C1587E2004D46F7 /* Sources */ = {
			isa = PBXSourcesBuildPhase;
			buildActionMask = 2147483647;
			files = (
				EE44AC381C1587E2004D46F7 /* ADBannerScrollViewUITests.m in Sources */,
			);
			runOnlyForDeploymentPostprocessing = 0;
		};
/* End PBXSourcesBuildPhase section */

/* Begin PBXTargetDependency section */
		EE44AC2A1C1587E2004D46F7 /* PBXTargetDependency */ = {
			isa = PBXTargetDependency;
			target = EE44AC0E1C1587E1004D46F7 /* ADBannerScrollView */;
			targetProxy = EE44AC291C1587E2004D46F7 /* PBXContainerItemProxy */;
		};
		EE44AC351C1587E2004D46F7 /* PBXTargetDependency */ = {
			isa = PBXTargetDependency;
			target = EE44AC0E1C1587E1004D46F7 /* ADBannerScrollView */;
			targetProxy = EE44AC341C1587E2004D46F7 /* PBXContainerItemProxy */;
		};
/* End PBXTargetDependency section */

/* Begin PBXVariantGroup section */
		EE44AC1B1C1587E1004D46F7 /* Main.storyboard */ = {
			isa = PBXVariantGroup;
			children = (
				EE44AC1C1C1587E1004D46F7 /* Base */,
			);
			name = Main.storyboard;
			sourceTree = "<group>";
		};
		EE44AC201C1587E2004D46F7 /* LaunchScreen.storyboard */ = {
			isa = PBXVariantGroup;
			children = (
				EE44AC211C1587E2004D46F7 /* Base */,
			);
			name = LaunchScreen.storyboard;
			sourceTree = "<group>";
		};
/* End PBXVariantGroup section */

/* Begin XCBuildConfiguration section */
		EE44AC3A1C1587E2004D46F7 /* Debug */ = {
			isa = XCBuildConfiguration;
			buildSettings = {
				ALWAYS_SEARCH_USER_PATHS = NO;
				CLANG_CXX_LANGUAGE_STANDARD = "gnu++0x";
				CLANG_CXX_LIBRARY = "libc++";
				CLANG_ENABLE_MODULES = YES;
				CLANG_ENABLE_OBJC_ARC = YES;
				CLANG_WARN_BOOL_CONVERSION = YES;
				CLANG_WARN_CONSTANT_CONVERSION = YES;
				CLANG_WARN_DIRECT_OBJC_ISA_USAGE = YES_ERROR;
				CLANG_WARN_EMPTY_BODY = YES;
				CLANG_WARN_ENUM_CONVERSION = YES;
				CLANG_WARN_INT_CONVERSION = YES;
				CLANG_WARN_OBJC_ROOT_CLASS = YES_ERROR;
				CLANG_WARN_UNREACHABLE_CODE = YES;
				CLANG_WARN__DUPLICATE_METHOD_MATCH = YES;
				"CODE_SIGN_IDENTITY[sdk=iphoneos*]" = "iPhone Developer";
				COPY_PHASE_STRIP = NO;
				DEBUG_INFORMATION_FORMAT = dwarf;
				ENABLE_STRICT_OBJC_MSGSEND = YES;
				ENABLE_TESTABILITY = YES;
				GCC_C_LANGUAGE_STANDARD = gnu99;
				GCC_DYNAMIC_NO_PIC = NO;
				GCC_NO_COMMON_BLOCKS = YES;
				GCC_OPTIMIZATION_LEVEL = 0;
				GCC_PREPROCESSOR_DEFINITIONS = (
					"DEBUG=1",
					"$(inherited)",
				);
				GCC_WARN_64_TO_32_BIT_CONVERSION = YES;
				GCC_WARN_ABOUT_RETURN_TYPE = YES_ERROR;
				GCC_WARN_UNDECLARED_SELECTOR = YES;
				GCC_WARN_UNINITIALIZED_AUTOS = YES_AGGRESSIVE;
				GCC_WARN_UNUSED_FUNCTION = YES;
				GCC_WARN_UNUSED_VARIABLE = YES;
				IPHONEOS_DEPLOYMENT_TARGET = 9.1;
				MTL_ENABLE_DEBUG_INFO = YES;
				ONLY_ACTIVE_ARCH = YES;
				SDKROOT = iphoneos;
			};
			name = Debug;
		};
		EE44AC3B1C1587E2004D46F7 /* Release */ = {
			isa = XCBuildConfiguration;
			buildSettings = {
				ALWAYS_SEARCH_USER_PATHS = NO;
				CLANG_CXX_LANGUAGE_STANDARD = "gnu++0x";
				CLANG_CXX_LIBRARY = "libc++";
				CLANG_ENABLE_MODULES = YES;
				CLANG_ENABLE_OBJC_ARC = YES;
				CLANG_WARN_BOOL_CONVERSION = YES;
				CLANG_WARN_CONSTANT_CONVERSION = YES;
				CLANG_WARN_DIRECT_OBJC_ISA_USAGE = YES_ERROR;
				CLANG_WARN_EMPTY_BODY = YES;
				CLANG_WARN_ENUM_CONVERSION = YES;
				CLANG_WARN_INT_CONVERSION = YES;
				CLANG_WARN_OBJC_ROOT_CLASS = YES_ERROR;
				CLANG_WARN_UNREACHABLE_CODE = YES;
				CLANG_WARN__DUPLICATE_METHOD_MATCH = YES;
				"CODE_SIGN_IDENTITY[sdk=iphoneos*]" = "iPhone Developer";
				COPY_PHASE_STRIP = NO;
				DEBUG_INFORMATION_FORMAT = "dwarf-with-dsym";
				ENABLE_NS_ASSERTIONS = NO;
				ENABLE_STRICT_OBJC_MSGSEND = YES;
				GCC_C_LANGUAGE_STANDARD = gnu99;
				GCC_NO_COMMON_BLOCKS = YES;
				GCC_WARN_64_TO_32_BIT_CONVERSION = YES;
				GCC_WARN_ABOUT_RETURN_TYPE = YES_ERROR;
				GCC_WARN_UNDECLARED_SELECTOR = YES;
				GCC_WARN_UNINITIALIZED_AUTOS = YES_AGGRESSIVE;
				GCC_WARN_UNUSED_FUNCTION = YES;
				GCC_WARN_UNUSED_VARIABLE = YES;
				IPHONEOS_DEPLOYMENT_TARGET = 9.1;
				MTL_ENABLE_DEBUG_INFO = NO;
				SDKROOT = iphoneos;
				VALIDATE_PRODUCT = YES;
			};
			name = Release;
		};
		EE44AC3D1C1587E2004D46F7 /* Debug */ = {
			isa = XCBuildConfiguration;
			buildSettings = {
				ASSETCATALOG_COMPILER_APPICON_NAME = AppIcon;
				INFOPLIST_FILE = ADBannerScrollView/Info.plist;
				LD_RUNPATH_SEARCH_PATHS = "$(inherited) @executable_path/Frameworks";
				PRODUCT_BUNDLE_IDENTIFIER = lixingqiao01.ADBannerScrollView;
				PRODUCT_NAME = "$(TARGET_NAME)";
			};
			name = Debug;
		};
		EE44AC3E1C1587E2004D46F7 /* Release */ = {
			isa = XCBuildConfiguration;
			buildSettings = {
				ASSETCATALOG_COMPILER_APPICON_NAME = AppIcon;
				INFOPLIST_FILE = ADBannerScrollView/Info.plist;
				LD_RUNPATH_SEARCH_PATHS = "$(inherited) @executable_path/Frameworks";
				PRODUCT_BUNDLE_IDENTIFIER = lixingqiao01.ADBannerScrollView;
				PRODUCT_NAME = "$(TARGET_NAME)";
			};
			name = Release;
		};
		EE44AC401C1587E2004D46F7 /* Debug */ = {
			isa = XCBuildConfiguration;
			buildSettings = {
				BUNDLE_LOADER = "$(TEST_HOST)";
				INFOPLIST_FILE = ADBannerScrollViewTests/Info.plist;
				LD_RUNPATH_SEARCH_PATHS = "$(inherited) @executable_path/Frameworks @loader_path/Frameworks";
				PRODUCT_BUNDLE_IDENTIFIER = lixingqiao01.ADBannerScrollViewTests;
				PRODUCT_NAME = "$(TARGET_NAME)";
				TEST_HOST = "$(BUILT_PRODUCTS_DIR)/ADBannerScrollView.app/ADBannerScrollView";
			};
			name = Debug;
		};
		EE44AC411C1587E2004D46F7 /* Release */ = {
			isa = XCBuildConfiguration;
			buildSettings = {
				BUNDLE_LOADER = "$(TEST_HOST)";
				INFOPLIST_FILE = ADBannerScrollViewTests/Info.plist;
				LD_RUNPATH_SEARCH_PATHS = "$(inherited) @executable_path/Frameworks @loader_path/Frameworks";
				PRODUCT_BUNDLE_IDENTIFIER = lixingqiao01.ADBannerScrollViewTests;
				PRODUCT_NAME = "$(TARGET_NAME)";
				TEST_HOST = "$(BUILT_PRODUCTS_DIR)/ADBannerScrollView.app/ADBannerScrollView";
			};
			name = Release;
		};
		EE44AC431C1587E2004D46F7 /* Debug */ = {
			isa = XCBuildConfiguration;
			buildSettings = {
				INFOPLIST_FILE = ADBannerScrollViewUITests/Info.plist;
				LD_RUNPATH_SEARCH_PATHS = "$(inherited) @executable_path/Frameworks @loader_path/Frameworks";
				PRODUCT_BUNDLE_IDENTIFIER = lixingqiao01.ADBannerScrollViewUITests;
				PRODUCT_NAME = "$(TARGET_NAME)";
				TEST_TARGET_NAME = ADBannerScrollView;
				USES_XCTRUNNER = YES;
			};
			name = Debug;
		};
		EE44AC441C1587E2004D46F7 /* Release */ = {
			isa = XCBuildConfiguration;
			buildSettings = {
				INFOPLIST_FILE = ADBannerScrollViewUITests/Info.plist;
				LD_RUNPATH_SEARCH_PATHS = "$(inherited) @executable_path/Frameworks @loader_path/Frameworks";
				PRODUCT_BUNDLE_IDENTIFIER = lixingqiao01.ADBannerScrollViewUITests;
				PRODUCT_NAME = "$(TARGET_NAME)";
				TEST_TARGET_NAME = ADBannerScrollView;
				USES_XCTRUNNER = YES;
			};
			name = Release;
		};
/* End XCBuildConfiguration section */

/* Begin XCConfigurationList section */
		EE44AC0A1C1587E1004D46F7 /* Build configuration list for PBXProject "ADBannerScrollView" */ = {
			isa = XCConfigurationList;
			buildConfigurations = (
				EE44AC3A1C1587E2004D46F7 /* Debug */,
				EE44AC3B1C1587E2004D46F7 /* Release */,
			);
			defaultConfigurationIsVisible = 0;
			defaultConfigurationName = Release;
		};
		EE44AC3C1C1587E2004D46F7 /* Build configuration list for PBXNativeTarget "ADBannerScrollView" */ = {
			isa = XCConfigurationList;
			buildConfigurations = (
				EE44AC3D1C1587E2004D46F7 /* Debug */,
				EE44AC3E1C1587E2004D46F7 /* Release */,
			);
			defaultConfigurationIsVisible = 0;
			defaultConfigurationName = Release;
		};
		EE44AC3F1C1587E2004D46F7 /* Build configuration list for PBXNativeTarget "ADBannerScrollViewTests" */ = {
			isa = XCConfigurationList;
			buildConfigurations = (
				EE44AC401C1587E2004D46F7 /* Debug */,
				EE44AC411C1587E2004D46F7 /* Release */,
			);
			defaultConfigurationIsVisible = 0;
			defaultConfigurationName = Release;
		};
		EE44AC421C1587E2004D46F7 /* Build configuration list for PBXNativeTarget "ADBannerScrollViewUITests" */ = {
			isa = XCConfigurationList;
			buildConfigurations = (
				EE44AC431C1587E2004D46F7 /* Debug */,
				EE44AC441C1587E2004D46F7 /* Release */,
			);
			defaultConfigurationIsVisible = 0;
			defaultConfigurationName = Release;
		};
/* End XCConfigurationList section */
	};
	rootObject = EE44AC071C1587E1004D46F7 /* Project object */;
}
